
Microsoft Visual Studio Solution File, Format Version 12.00
# Visual Studio Version 17
VisualStudioVersion = 17.3.32929.385
MinimumVisualStudioVersion = 10.0.40219.1
Project("{FAE04EC0-301F-11D3-BF4B-00C04F79EFBC}") = "ConsoleAppPrincipal", "ConsoleAppPrincipal\ConsoleAppPrincipal.csproj", "{4F691688-1F66-49D6-AA00-378FC3A6AA34}"
EndProject
Project("{FAE04EC0-301F-11D3-BF4B-00C04F79EFBC}") = "Models", "Models\Models.csproj", "{6C0C7871-2CFC-4465-BE69-CFE8673D2279}"
EndProject
Global
	GlobalSection(SolutionConfigurationPlatforms) = preSolution
		Debug|Any CPU = Debug|Any CPU
		Release|Any CPU = Release|Any CPU
	EndGlobalSection
	GlobalSection(ProjectConfigurationPlatforms) = postSolution
		{4F691688-1F66-49D6-AA00-378FC3A6AA34}.Debug|Any CPU.ActiveCfg = Debug|Any CPU
		{4F691688-1F66-49D6-AA00-378FC3A6AA34}.Debug|Any CPU.Build.0 = Debug|Any CPU
		{4F691688-1F66-49D6-AA00-378FC3A6AA34}.Release|Any CPU.ActiveCfg = Release|Any CPU
		{4F691688-1F66-49D6-AA00-378FC3A6AA34}.Release|Any CPU.Build.0 = Release|Any CPU
		{6C0C7871-2CFC-4465-BE69-CFE8673D2279}.Debug|Any CPU.ActiveCfg = Debug|Any CPU
		{6C0C7871-2CFC-4465-BE69-CFE8673D2279}.Debug|Any CPU.Build.0 = Debug|Any CPU
		{6C0C7871-2CFC-4465-BE69-CFE8673D2279}.Release|Any CPU.ActiveCfg = Release|Any CPU
		{6C0C7871-2CFC-4465-BE69-CFE8673D2279}.Release|Any CPU.Build.0 = Release|Any CPU
	EndGlobalSection
	GlobalSection(SolutionProperties) = preSolution
		HideSolutionNode = FALSE
	EndGlobalSection
	GlobalSection(ExtensibilityGlobals) = postSolution
		SolutionGuid = {EA924CB8-3FA3-47F9-9FE0-E07D371E0EA2}
	EndGlobalSection
EndGlobal
